
Microsoft Visual Studio Solution File, Format Version 12.00
# Visual Studio 15
VisualStudioVersion = 15.0.26430.6
MinimumVisualStudioVersion = 10.0.40219.1
Project("{8BC9CEB8-8B4A-11D0-8D11-00A0C91BC942}") = "SingularValueDecomposition", "SingularValueDecomposition\SingularValueDecomposition.vcxproj", "{6AE1B84B-8255-4F4A-9FD4-121EBAD00C68}"
EndProject
Project("{8BC9CEB8-8B4A-11D0-8D11-00A0C91BC942}") = "Sample", "Sample\Sample.vcxproj", "{A14D7256-DB35-424A-8882-1827E9162AAE}"
EndProject
Project("{8BC9CEB8-8B4A-11D0-8D11-00A0C91BC942}") = "IntelSingularValueDecomposition", "IntelSingularValueDecomposition\IntelSingularValueDecomposition.vcxproj", "{CC6EA95F-ADF5-4ABB-AEA3-55A67B8F565E}"
EndProject
Global
	GlobalSection(SolutionConfigurationPlatforms) = preSolution
		Debug|x64 = Debug|x64
		Debug|x86 = Debug|x86
		Release|x64 = Release|x64
		Release|x86 = Release|x86
	EndGlobalSection
	GlobalSection(ProjectConfigurationPlatforms) = postSolution
		{6AE1B84B-8255-4F4A-9FD4-121EBAD00C68}.Debug|x64.ActiveCfg = Debug|x64
		{6AE1B84B-8255-4F4A-9FD4-121EBAD00C68}.Debug|x64.Build.0 = Debug|x64
		{6AE1B84B-8255-4F4A-9FD4-121EBAD00C68}.Debug|x86.ActiveCfg = Debug|Win32
		{6AE1B84B-8255-4F4A-9FD4-121EBAD00C68}.Debug|x86.Build.0 = Debug|Win32
		{6AE1B84B-8255-4F4A-9FD4-121EBAD00C68}.Release|x64.ActiveCfg = Release|x64
		{6AE1B84B-8255-4F4A-9FD4-121EBAD00C68}.Release|x64.Build.0 = Release|x64
		{6AE1B84B-8255-4F4A-9FD4-121EBAD00C68}.Release|x86.ActiveCfg = Release|Win32
		{6AE1B84B-8255-4F4A-9FD4-121EBAD00C68}.Release|x86.Build.0 = Release|Win32
		{A14D7256-DB35-424A-8882-1827E9162AAE}.Debug|x64.ActiveCfg = Debug|x64
		{A14D7256-DB35-424A-8882-1827E9162AAE}.Debug|x64.Build.0 = Debug|x64
		{A14D7256-DB35-424A-8882-1827E9162AAE}.Debug|x86.ActiveCfg = Debug|Win32
		{A14D7256-DB35-424A-8882-1827E9162AAE}.Debug|x86.Build.0 = Debug|Win32
		{A14D7256-DB35-424A-8882-1827E9162AAE}.Release|x64.ActiveCfg = Release|x64
		{A14D7256-DB35-424A-8882-1827E9162AAE}.Release|x64.Build.0 = Release|x64
		{A14D7256-DB35-424A-8882-1827E9162AAE}.Release|x86.ActiveCfg = Release|Win32
		{A14D7256-DB35-424A-8882-1827E9162AAE}.Release|x86.Build.0 = Release|Win32
		{CC6EA95F-ADF5-4ABB-AEA3-55A67B8F565E}.Debug|x64.ActiveCfg = Debug|x64
		{CC6EA95F-ADF5-4ABB-AEA3-55A67B8F565E}.Debug|x64.Build.0 = Debug|x64
		{CC6EA95F-ADF5-4ABB-AEA3-55A67B8F565E}.Debug|x86.ActiveCfg = Debug|Win32
		{CC6EA95F-ADF5-4ABB-AEA3-55A67B8F565E}.Debug|x86.Build.0 = Debug|Win32
		{CC6EA95F-ADF5-4ABB-AEA3-55A67B8F565E}.Release|x64.ActiveCfg = Release|x64
		{CC6EA95F-ADF5-4ABB-AEA3-55A67B8F565E}.Release|x64.Build.0 = Release|x64
		{CC6EA95F-ADF5-4ABB-AEA3-55A67B8F565E}.Release|x86.ActiveCfg = Release|Win32
		{CC6EA95F-ADF5-4ABB-AEA3-55A67B8F565E}.Release|x86.Build.0 = Release|Win32
	EndGlobalSection
	GlobalSection(SolutionProperties) = preSolution
		HideSolutionNode = FALSE
	EndGlobalSection
EndGlobal
